// !$*UTF8*$!
{
	archiveVersion = 1;
	classes = {
	};
	objectVersion = 60;
	objects = {

/* Begin PBXBuildFile section */
		A10000010000000000000001 /* NativeDemoAppApp.swift in Sources */ = {isa = PBXBuildFile; fileRef = A10000110000000000000001 /* NativeDemoAppApp.swift */; };
		A10000020000000000000001 /* ContentView.swift in Sources */ = {isa = PBXBuildFile; fileRef = A10000120000000000000001 /* ContentView.swift */; };
		A10000030000000000000001 /* HomeItem.swift in Sources */ = {isa = PBXBuildFile; fileRef = A10000130000000000000001 /* HomeItem.swift */; };
		A10000040000000000000001 /* AppSettings.swift in Sources */ = {isa = PBXBuildFile; fileRef = A10000140000000000000001 /* AppSettings.swift */; };
		A10000050000000000000001 /* LocalStore.swift in Sources */ = {isa = PBXBuildFile; fileRef = A10000150000000000000001 /* LocalStore.swift */; };
		A10000060000000000000001 /* HomeViewModel.swift in Sources */ = {isa = PBXBuildFile; fileRef = A10000160000000000000001 /* HomeViewModel.swift */; };
		A10000070000000000000001 /* SettingsViewModel.swift in Sources */ = {isa = PBXBuildFile; fileRef = A10000170000000000000001 /* SettingsViewModel.swift */; };
		A10000080000000000000001 /* HomeView.swift in Sources */ = {isa = PBXBuildFile; fileRef = A10000180000000000000001 /* HomeView.swift */; };
		A10000090000000000000001 /* SettingsView.swift in Sources */ = {isa = PBXBuildFile; fileRef = A10000190000000000000001 /* SettingsView.swift */; };
		A100000A0000000000000001 /* StatCardView.swift in Sources */ = {isa = PBXBuildFile; fileRef = A100001A0000000000000001 /* StatCardView.swift */; };
		A100000B0000000000000001 /* Assets.xcassets in Resources */ = {isa = PBXBuildFile; fileRef = A100001B0000000000000001 /* Assets.xcassets */; };
		A100000B1000000000000001 /* RecordSceneLexicon.json in Resources */ = {isa = PBXBuildFile; fileRef = A100001B1000000000000001 /* RecordSceneLexicon.json */; };
		A100000B2000000000000001 /* RecordSceneLexicon.regression.json in Resources */ = {isa = PBXBuildFile; fileRef = A100001B2000000000000001 /* RecordSceneLexicon.regression.json */; };
		A100000C0000000000000001 /* OCRService.swift in Sources */ = {isa = PBXBuildFile; fileRef = A100001E0000000000000001 /* OCRService.swift */; };
		A100000D0000000000000001 /* AIReportService.swift in Sources */ = {isa = PBXBuildFile; fileRef = A100001F0000000000000001 /* AIReportService.swift */; };
		A100000E0000000000000001 /* KeychainService.swift in Sources */ = {isa = PBXBuildFile; fileRef = A10000210000000000000001 /* KeychainService.swift */; };
		A100000F0000000000000001 /* AIUsageLimiter.swift in Sources */ = {isa = PBXBuildFile; fileRef = A10000220000000000000001 /* AIUsageLimiter.swift */; };
		A10000230000000000000001 /* AuthService.swift in Sources */ = {isa = PBXBuildFile; fileRef = A10000240000000000000001 /* AuthService.swift */; };
		A10000250000000000000001 /* LedgerSyncService.swift in Sources */ = {isa = PBXBuildFile; fileRef = A10000260000000000000001 /* LedgerSyncService.swift */; };
		A10000270000000000000001 /* AnalyticsService.swift in Sources */ = {isa = PBXBuildFile; fileRef = A10000280000000000000001 /* AnalyticsService.swift */; };
		A10000290000000000000001 /* MemberNudgePolicyService.swift in Sources */ = {isa = PBXBuildFile; fileRef = A100002A0000000000000001 /* MemberNudgePolicyService.swift */; };
		A100002B0000000000000001 /* PlaybackService.swift in Sources */ = {isa = PBXBuildFile; fileRef = A100002C0000000000000001 /* PlaybackService.swift */; };
		F21000010000000000000001 /* ShareInsightCopyPool.swift in Sources */ = {isa = PBXBuildFile; fileRef = F21000020000000000000001 /* ShareInsightCopyPool.swift */; };
		F21000030000000000000001 /* PlaybackSupportServices.swift in Sources */ = {isa = PBXBuildFile; fileRef = F21000040000000000000001 /* PlaybackSupportServices.swift */; };
		A100002D0000000000000001 /* MemberFlowService.swift in Sources */ = {isa = PBXBuildFile; fileRef = A100002E0000000000000001 /* MemberFlowService.swift */; };
		F21000050000000000000001 /* HomeViewModel+Dashboard.swift in Sources */ = {isa = PBXBuildFile; fileRef = F21000060000000000000001 /* HomeViewModel+Dashboard.swift */; };
		A100002F0000000000000001 /* MemberPricingView.swift in Sources */ = {isa = PBXBuildFile; fileRef = A10000390000000000000001 /* MemberPricingView.swift */; };
		A100003B0000000000000001 /* SummaryPlaybackSheet.swift in Sources */ = {isa = PBXBuildFile; fileRef = A100003A0000000000000001 /* SummaryPlaybackSheet.swift */; };
		A100003C0000000000000001 /* OCRConfirmSheet.swift in Sources */ = {isa = PBXBuildFile; fileRef = A100003D0000000000000001 /* OCRConfirmSheet.swift */; };
		A100003E0000000000000001 /* ScenePackCopyPool.swift in Sources */ = {isa = PBXBuildFile; fileRef = A100003F0000000000000001 /* ScenePackCopyPool.swift */; };
		F23000010000000000000001 /* FreeScenePackService.swift in Sources */ = {isa = PBXBuildFile; fileRef = F23000020000000000000001 /* FreeScenePackService.swift */; };
		F24000010000000000000001 /* LifeInsightService.swift in Sources */ = {isa = PBXBuildFile; fileRef = F24000020000000000000001 /* LifeInsightService.swift */; };
		F25000010000000000000001 /* LifeMarkService.swift in Sources */ = {isa = PBXBuildFile; fileRef = F25000020000000000000001 /* LifeMarkService.swift */; };
		A10000430000000000000001 /* IAPService.swift in Sources */ = {isa = PBXBuildFile; fileRef = A10000440000000000000001 /* IAPService.swift */; };
		A10000450000000000000001 /* RecordView.swift in Sources */ = {isa = PBXBuildFile; fileRef = A10000460000000000000001 /* RecordView.swift */; };
		A10000470000000000000001 /* StatsWebView.swift in Sources */ = {isa = PBXBuildFile; fileRef = A10000480000000000000001 /* StatsWebView.swift */; };
		F26000010000000000000001 /* StatsTraceInlineRecordEditor.swift in Sources */ = {isa = PBXBuildFile; fileRef = F26000020000000000000001 /* StatsTraceInlineRecordEditor.swift */; };
		F26000030000000000000001 /* StatsTraceModels.swift in Sources */ = {isa = PBXBuildFile; fileRef = F26000040000000000000001 /* StatsTraceModels.swift */; };
		F26000050000000000000001 /* StatsTracePanelModifiers.swift in Sources */ = {isa = PBXBuildFile; fileRef = F26000060000000000000001 /* StatsTracePanelModifiers.swift */; };
		F26000090000000000000001 /* StatsTraceFilters.swift in Sources */ = {isa = PBXBuildFile; fileRef = F260000A0000000000000001 /* StatsTraceFilters.swift */; };
		F260000B0000000000000001 /* StatsTraceRepresentative.swift in Sources */ = {isa = PBXBuildFile; fileRef = F260000C0000000000000001 /* StatsTraceRepresentative.swift */; };
		F260000D0000000000000001 /* StatsTraceSnapshotStore.swift in Sources */ = {isa = PBXBuildFile; fileRef = F260000E0000000000000001 /* StatsTraceSnapshotStore.swift */; };
		A10000490000000000000001 /* PlaybackCopyPool.swift in Sources */ = {isa = PBXBuildFile; fileRef = A100004A0000000000000001 /* PlaybackCopyPool.swift */; };
		A100004B0000000000000001 /* ScenePackSectionView.swift in Sources */ = {isa = PBXBuildFile; fileRef = A100004C0000000000000001 /* ScenePackSectionView.swift */; };
		A100004B1000000000000001 /* ScenePackVisualStyle.swift in Sources */ = {isa = PBXBuildFile; fileRef = A100004C1000000000000001 /* ScenePackVisualStyle.swift */; };
		A100004D0000000000000001 /* InsightWebView.swift in Sources */ = {isa = PBXBuildFile; fileRef = A100004E0000000000000001 /* InsightWebView.swift */; };
		A100004F0000000000000001 /* CategoryRecommendService.swift in Sources */ = {isa = PBXBuildFile; fileRef = A100008A0000000000000001 /* CategoryRecommendService.swift */; };
		B20000010000000000000001 /* WeatherCompanionService.swift in Sources */ = {isa = PBXBuildFile; fileRef = B20000040000000000000001 /* WeatherCompanionService.swift */; };
		B20000020000000000000001 /* PetCompanionCopy.swift in Sources */ = {isa = PBXBuildFile; fileRef = B20000050000000000000001 /* PetCompanionCopy.swift */; };
		B20000030000000000000001 /* PetCompanionService.swift in Sources */ = {isa = PBXBuildFile; fileRef = B20000060000000000000001 /* PetCompanionService.swift */; };
		B20000070000000000000001 /* PhotoLibrarySaveService.swift in Sources */ = {isa = PBXBuildFile; fileRef = B20000080000000000000001 /* PhotoLibrarySaveService.swift */; };
		C30000010000000000000001 /* MerchantBrandCatalog.swift in Sources */ = {isa = PBXBuildFile; fileRef = C30000020000000000000001 /* MerchantBrandCatalog.swift */; };
		C30000030000000000000001 /* NarrativeCopyResolver.swift in Sources */ = {isa = PBXBuildFile; fileRef = C30000040000000000000001 /* NarrativeCopyResolver.swift */; };
		D21300010000000000000001 /* RecordPrefillService.swift in Sources */ = {isa = PBXBuildFile; fileRef = D21300020000000000000001 /* RecordPrefillService.swift */; };
		D21400010000000000000001 /* RecordDraftResolutionService.swift in Sources */ = {isa = PBXBuildFile; fileRef = D21400020000000000000001 /* RecordDraftResolutionService.swift */; };
		D21500010000000000000001 /* RecordMemoryContextService.swift in Sources */ = {isa = PBXBuildFile; fileRef = D21500020000000000000001 /* RecordMemoryContextService.swift */; };
		D21600010000000000000001 /* LifeSceneSemanticService.swift in Sources */ = {isa = PBXBuildFile; fileRef = D21600020000000000000001 /* LifeSceneSemanticService.swift */; };
		D21700010000000000000001 /* PhotoMemoryPromptPolicy.swift in Sources */ = {isa = PBXBuildFile; fileRef = D21700020000000000000001 /* PhotoMemoryPromptPolicy.swift */; };
		E0A000010000000000000001 /* EchoAnchorService.swift in Sources */ = {isa = PBXBuildFile; fileRef = E0A000020000000000000001 /* EchoAnchorService.swift */; };
		E0A000030000000000000001 /* UserContentRiskService.swift in Sources */ = {isa = PBXBuildFile; fileRef = E0A000040000000000000001 /* UserContentRiskService.swift */; };
		E0A000050000000000000001 /* SemanticBoundaryGuard.swift in Sources */ = {isa = PBXBuildFile; fileRef = E0A000060000000000000001 /* SemanticBoundaryGuard.swift */; };
		E0A000070000000000000001 /* RecordCalendarContext.swift in Sources */ = {isa = PBXBuildFile; fileRef = E0A000080000000000000001 /* RecordCalendarContext.swift */; };
		E10000010000000000000001 /* LifeEntryPreviewCard.swift in Sources */ = {isa = PBXBuildFile; fileRef = E10000020000000000000001 /* LifeEntryPreviewCard.swift */; };
		E10000030000000000000001 /* MemoryAttachmentViews.swift in Sources */ = {isa = PBXBuildFile; fileRef = E10000040000000000000001 /* MemoryAttachmentViews.swift */; };
		F27000010000000000000001 /* ComputationLoadingView.swift in Sources */ = {isa = PBXBuildFile; fileRef = F27000020000000000000001 /* ComputationLoadingView.swift */; };
		F12000010000000000000001 /* RecordPreviewTier.swift in Sources */ = {isa = PBXBuildFile; fileRef = F12000020000000000000001 /* RecordPreviewTier.swift */; };
		F12000030000000000000001 /* ScenePackAngleSheet.swift in Sources */ = {isa = PBXBuildFile; fileRef = F12000040000000000000001 /* ScenePackAngleSheet.swift */; };
		F13000010000000000000001 /* LaunchScreen.storyboard in Resources */ = {isa = PBXBuildFile; fileRef = F13000020000000000000001 /* LaunchScreen.storyboard */; };
		T10000010000000000000001 /* ThemeTokens.swift in Sources */ = {isa = PBXBuildFile; fileRef = T10000110000000000000001 /* ThemeTokens.swift */; };
		T10000020000000000000001 /* ThemeResolver.swift in Sources */ = {isa = PBXBuildFile; fileRef = T10000120000000000000001 /* ThemeResolver.swift */; };
		T10000030000000000000001 /* AppTheme.swift in Sources */ = {isa = PBXBuildFile; fileRef = T10000130000000000000001 /* AppTheme.swift */; };
		T10000040000000000000001 /* ThemeCatalog.json in Resources */ = {isa = PBXBuildFile; fileRef = T10000140000000000000001 /* ThemeCatalog.json */; };
/* End PBXBuildFile section */

/* Begin PBXFileReference section */
		A10000100000000000000001 /* NativeDemoApp.app */ = {isa = PBXFileReference; explicitFileType = wrapper.application; includeInIndex = 0; path = NativeDemoApp.app; sourceTree = BUILT_PRODUCTS_DIR; };
		A10000110000000000000001 /* NativeDemoAppApp.swift */ = {isa = PBXFileReference; lastKnownFileType = sourcecode.swift; path = NativeDemoAppApp.swift; sourceTree = "<group>"; };
		A10000120000000000000001 /* ContentView.swift */ = {isa = PBXFileReference; lastKnownFileType = sourcecode.swift; path = ContentView.swift; sourceTree = "<group>"; };
		A10000130000000000000001 /* HomeItem.swift */ = {isa = PBXFileReference; lastKnownFileType = sourcecode.swift; path = HomeItem.swift; sourceTree = "<group>"; };
		A10000140000000000000001 /* AppSettings.swift */ = {isa = PBXFileReference; lastKnownFileType = sourcecode.swift; path = AppSettings.swift; sourceTree = "<group>"; };
		A10000150000000000000001 /* LocalStore.swift */ = {isa = PBXFileReference; lastKnownFileType = sourcecode.swift; path = LocalStore.swift; sourceTree = "<group>"; };
		A10000160000000000000001 /* HomeViewModel.swift */ = {isa = PBXFileReference; lastKnownFileType = sourcecode.swift; path = HomeViewModel.swift; sourceTree = "<group>"; };
		A10000170000000000000001 /* SettingsViewModel.swift */ = {isa = PBXFileReference; lastKnownFileType = sourcecode.swift; path = SettingsViewModel.swift; sourceTree = "<group>"; };
		A10000180000000000000001 /* HomeView.swift */ = {isa = PBXFileReference; lastKnownFileType = sourcecode.swift; path = HomeView.swift; sourceTree = "<group>"; };
		A10000190000000000000001 /* SettingsView.swift */ = {isa = PBXFileReference; lastKnownFileType = sourcecode.swift; path = SettingsView.swift; sourceTree = "<group>"; };
		A100001A0000000000000001 /* StatCardView.swift */ = {isa = PBXFileReference; lastKnownFileType = sourcecode.swift; path = StatCardView.swift; sourceTree = "<group>"; };
		A100001B0000000000000001 /* Assets.xcassets */ = {isa = PBXFileReference; lastKnownFileType = folder.assetcatalog; path = Assets.xcassets; sourceTree = "<group>"; };
		A100001B1000000000000001 /* RecordSceneLexicon.json */ = {isa = PBXFileReference; lastKnownFileType = text.json; path = RecordSceneLexicon.json; sourceTree = "<group>"; };
		A100001B2000000000000001 /* RecordSceneLexicon.regression.json */ = {isa = PBXFileReference; lastKnownFileType = text.json; path = RecordSceneLexicon.regression.json; sourceTree = "<group>"; };
		A100001C0000000000000001 /* Preview Assets.xcassets */ = {isa = PBXFileReference; lastKnownFileType = folder.assetcatalog; path = "Preview Assets.xcassets"; sourceTree = "<group>"; };
		A100001D0000000000000001 /* Info.plist */ = {isa = PBXFileReference; lastKnownFileType = text.plist.xml; path = Info.plist; sourceTree = "<group>"; };
		A100001E0000000000000001 /* OCRService.swift */ = {isa = PBXFileReference; lastKnownFileType = sourcecode.swift; path = OCRService.swift; sourceTree = "<group>"; };
		A100001F0000000000000001 /* AIReportService.swift */ = {isa = PBXFileReference; lastKnownFileType = sourcecode.swift; path = AIReportService.swift; sourceTree = "<group>"; };
		A10000210000000000000001 /* KeychainService.swift */ = {isa = PBXFileReference; lastKnownFileType = sourcecode.swift; path = KeychainService.swift; sourceTree = "<group>"; };
		A10000220000000000000001 /* AIUsageLimiter.swift */ = {isa = PBXFileReference; lastKnownFileType = sourcecode.swift; path = AIUsageLimiter.swift; sourceTree = "<group>"; };
		A10000240000000000000001 /* AuthService.swift */ = {isa = PBXFileReference; lastKnownFileType = sourcecode.swift; path = AuthService.swift; sourceTree = "<group>"; };
		A10000260000000000000001 /* LedgerSyncService.swift */ = {isa = PBXFileReference; lastKnownFileType = sourcecode.swift; path = LedgerSyncService.swift; sourceTree = "<group>"; };
		A10000280000000000000001 /* AnalyticsService.swift */ = {isa = PBXFileReference; lastKnownFileType = sourcecode.swift; path = AnalyticsService.swift; sourceTree = "<group>"; };
		A100002A0000000000000001 /* MemberNudgePolicyService.swift */ = {isa = PBXFileReference; lastKnownFileType = sourcecode.swift; path = MemberNudgePolicyService.swift; sourceTree = "<group>"; };
		A100002C0000000000000001 /* PlaybackService.swift */ = {isa = PBXFileReference; lastKnownFileType = sourcecode.swift; path = PlaybackService.swift; sourceTree = "<group>"; };
		F21000020000000000000001 /* ShareInsightCopyPool.swift */ = {isa = PBXFileReference; lastKnownFileType = sourcecode.swift; path = ShareInsightCopyPool.swift; sourceTree = "<group>"; };
		F21000040000000000000001 /* PlaybackSupportServices.swift */ = {isa = PBXFileReference; lastKnownFileType = sourcecode.swift; path = PlaybackSupportServices.swift; sourceTree = "<group>"; };
		A100002E0000000000000001 /* MemberFlowService.swift */ = {isa = PBXFileReference; lastKnownFileType = sourcecode.swift; path = MemberFlowService.swift; sourceTree = "<group>"; };
		F21000060000000000000001 /* HomeViewModel+Dashboard.swift */ = {isa = PBXFileReference; lastKnownFileType = sourcecode.swift; path = "HomeViewModel+Dashboard.swift"; sourceTree = "<group>"; };
		A10000390000000000000001 /* MemberPricingView.swift */ = {isa = PBXFileReference; lastKnownFileType = sourcecode.swift; path = MemberPricingView.swift; sourceTree = "<group>"; };
		A100003A0000000000000001 /* SummaryPlaybackSheet.swift */ = {isa = PBXFileReference; lastKnownFileType = sourcecode.swift; path = SummaryPlaybackSheet.swift; sourceTree = "<group>"; };
		A100003D0000000000000001 /* OCRConfirmSheet.swift */ = {isa = PBXFileReference; lastKnownFileType = sourcecode.swift; path = OCRConfirmSheet.swift; sourceTree = "<group>"; };
		A100003F0000000000000001 /* ScenePackCopyPool.swift */ = {isa = PBXFileReference; lastKnownFileType = sourcecode.swift; path = ScenePackCopyPool.swift; sourceTree = "<group>"; };
		F23000020000000000000001 /* FreeScenePackService.swift */ = {isa = PBXFileReference; lastKnownFileType = sourcecode.swift; path = FreeScenePackService.swift; sourceTree = "<group>"; };
		F24000020000000000000001 /* LifeInsightService.swift */ = {isa = PBXFileReference; lastKnownFileType = sourcecode.swift; path = LifeInsightService.swift; sourceTree = "<group>"; };
		F25000020000000000000001 /* LifeMarkService.swift */ = {isa = PBXFileReference; lastKnownFileType = sourcecode.swift; path = LifeMarkService.swift; sourceTree = "<group>"; };
		A10000440000000000000001 /* IAPService.swift */ = {isa = PBXFileReference; lastKnownFileType = sourcecode.swift; path = IAPService.swift; sourceTree = "<group>"; };
		A10000460000000000000001 /* RecordView.swift */ = {isa = PBXFileReference; lastKnownFileType = sourcecode.swift; path = RecordView.swift; sourceTree = "<group>"; };
		A10000480000000000000001 /* StatsWebView.swift */ = {isa = PBXFileReference; lastKnownFileType = sourcecode.swift; path = StatsWebView.swift; sourceTree = "<group>"; };
		F26000020000000000000001 /* StatsTraceInlineRecordEditor.swift */ = {isa = PBXFileReference; lastKnownFileType = sourcecode.swift; path = StatsTraceInlineRecordEditor.swift; sourceTree = "<group>"; };
		F26000040000000000000001 /* StatsTraceModels.swift */ = {isa = PBXFileReference; lastKnownFileType = sourcecode.swift; path = StatsTraceModels.swift; sourceTree = "<group>"; };
		F26000060000000000000001 /* StatsTracePanelModifiers.swift */ = {isa = PBXFileReference; lastKnownFileType = sourcecode.swift; path = StatsTracePanelModifiers.swift; sourceTree = "<group>"; };
		F260000A0000000000000001 /* StatsTraceFilters.swift */ = {isa = PBXFileReference; lastKnownFileType = sourcecode.swift; path = StatsTraceFilters.swift; sourceTree = "<group>"; };
		F260000C0000000000000001 /* StatsTraceRepresentative.swift */ = {isa = PBXFileReference; lastKnownFileType = sourcecode.swift; path = StatsTraceRepresentative.swift; sourceTree = "<group>"; };
		F260000E0000000000000001 /* StatsTraceSnapshotStore.swift */ = {isa = PBXFileReference; lastKnownFileType = sourcecode.swift; path = StatsTraceSnapshotStore.swift; sourceTree = "<group>"; };
		A100004A0000000000000001 /* PlaybackCopyPool.swift */ = {isa = PBXFileReference; lastKnownFileType = sourcecode.swift; path = PlaybackCopyPool.swift; sourceTree = "<group>"; };
		A100004C0000000000000001 /* ScenePackSectionView.swift */ = {isa = PBXFileReference; lastKnownFileType = sourcecode.swift; path = ScenePackSectionView.swift; sourceTree = "<group>"; };
		A100004C1000000000000001 /* ScenePackVisualStyle.swift */ = {isa = PBXFileReference; lastKnownFileType = sourcecode.swift; path = ScenePackVisualStyle.swift; sourceTree = "<group>"; };
		A100004E0000000000000001 /* InsightWebView.swift */ = {isa = PBXFileReference; lastKnownFileType = sourcecode.swift; path = InsightWebView.swift; sourceTree = "<group>"; };
		A100008A0000000000000001 /* CategoryRecommendService.swift */ = {isa = PBXFileReference; lastKnownFileType = sourcecode.swift; path = CategoryRecommendService.swift; sourceTree = "<group>"; };
		B20000040000000000000001 /* WeatherCompanionService.swift */ = {isa = PBXFileReference; lastKnownFileType = sourcecode.swift; path = WeatherCompanionService.swift; sourceTree = "<group>"; };
		B20000050000000000000001 /* PetCompanionCopy.swift */ = {isa = PBXFileReference; lastKnownFileType = sourcecode.swift; path = PetCompanionCopy.swift; sourceTree = "<group>"; };
		B20000060000000000000001 /* PetCompanionService.swift */ = {isa = PBXFileReference; lastKnownFileType = sourcecode.swift; path = PetCompanionService.swift; sourceTree = "<group>"; };
		B20000080000000000000001 /* PhotoLibrarySaveService.swift */ = {isa = PBXFileReference; lastKnownFileType = sourcecode.swift; path = PhotoLibrarySaveService.swift; sourceTree = "<group>"; };
		C30000020000000000000001 /* MerchantBrandCatalog.swift */ = {isa = PBXFileReference; lastKnownFileType = sourcecode.swift; path = MerchantBrandCatalog.swift; sourceTree = "<group>"; };
		C30000040000000000000001 /* NarrativeCopyResolver.swift */ = {isa = PBXFileReference; lastKnownFileType = sourcecode.swift; path = NarrativeCopyResolver.swift; sourceTree = "<group>"; };
		D21300020000000000000001 /* RecordPrefillService.swift */ = {isa = PBXFileReference; lastKnownFileType = sourcecode.swift; path = RecordPrefillService.swift; sourceTree = "<group>"; };
		D21400020000000000000001 /* RecordDraftResolutionService.swift */ = {isa = PBXFileReference; lastKnownFileType = sourcecode.swift; path = RecordDraftResolutionService.swift; sourceTree = "<group>"; };
		D21500020000000000000001 /* RecordMemoryContextService.swift */ = {isa = PBXFileReference; lastKnownFileType = sourcecode.swift; path = RecordMemoryContextService.swift; sourceTree = "<group>"; };
		D21600020000000000000001 /* LifeSceneSemanticService.swift */ = {isa = PBXFileReference; lastKnownFileType = sourcecode.swift; path = LifeSceneSemanticService.swift; sourceTree = "<group>"; };
		D21700020000000000000001 /* PhotoMemoryPromptPolicy.swift */ = {isa = PBXFileReference; lastKnownFileType = sourcecode.swift; path = PhotoMemoryPromptPolicy.swift; sourceTree = "<group>"; };
		E0A000020000000000000001 /* EchoAnchorService.swift */ = {isa = PBXFileReference; lastKnownFileType = sourcecode.swift; path = EchoAnchorService.swift; sourceTree = "<group>"; };
		E0A000040000000000000001 /* UserContentRiskService.swift */ = {isa = PBXFileReference; lastKnownFileType = sourcecode.swift; path = UserContentRiskService.swift; sourceTree = "<group>"; };
		E0A000060000000000000001 /* SemanticBoundaryGuard.swift */ = {isa = PBXFileReference; lastKnownFileType = sourcecode.swift; path = SemanticBoundaryGuard.swift; sourceTree = "<group>"; };
		E0A000080000000000000001 /* RecordCalendarContext.swift */ = {isa = PBXFileReference; lastKnownFileType = sourcecode.swift; path = RecordCalendarContext.swift; sourceTree = "<group>"; };
		E10000020000000000000001 /* LifeEntryPreviewCard.swift */ = {isa = PBXFileReference; lastKnownFileType = sourcecode.swift; path = LifeEntryPreviewCard.swift; sourceTree = "<group>"; };
		E10000040000000000000001 /* MemoryAttachmentViews.swift */ = {isa = PBXFileReference; lastKnownFileType = sourcecode.swift; path = MemoryAttachmentViews.swift; sourceTree = "<group>"; };
		F27000020000000000000001 /* ComputationLoadingView.swift */ = {isa = PBXFileReference; lastKnownFileType = sourcecode.swift; path = ComputationLoadingView.swift; sourceTree = "<group>"; };
		F12000020000000000000001 /* RecordPreviewTier.swift */ = {isa = PBXFileReference; lastKnownFileType = sourcecode.swift; path = RecordPreviewTier.swift; sourceTree = "<group>"; };
		F12000040000000000000001 /* ScenePackAngleSheet.swift */ = {isa = PBXFileReference; lastKnownFileType = sourcecode.swift; path = ScenePackAngleSheet.swift; sourceTree = "<group>"; };
		F13000020000000000000001 /* LaunchScreen.storyboard */ = {isa = PBXFileReference; lastKnownFileType = file.storyboard; path = LaunchScreen.storyboard; sourceTree = "<group>"; };
		T10000110000000000000001 /* ThemeTokens.swift */ = {isa = PBXFileReference; lastKnownFileType = sourcecode.swift; path = ThemeTokens.swift; sourceTree = "<group>"; };
		T10000120000000000000001 /* ThemeResolver.swift */ = {isa = PBXFileReference; lastKnownFileType = sourcecode.swift; path = ThemeResolver.swift; sourceTree = "<group>"; };
		T10000130000000000000001 /* AppTheme.swift */ = {isa = PBXFileReference; lastKnownFileType = sourcecode.swift; path = AppTheme.swift; sourceTree = "<group>"; };
		T10000140000000000000001 /* ThemeCatalog.json */ = {isa = PBXFileReference; lastKnownFileType = text.json; path = ThemeCatalog.json; sourceTree = "<group>"; };
/* End PBXFileReference section */

/* Begin PBXFrameworksBuildPhase section */
		A10000200000000000000001 /* Frameworks */ = {
			isa = PBXFrameworksBuildPhase;
			buildActionMask = 2147483647;
			files = (
			);
			runOnlyForDeploymentPostprocessing = 0;
		};
/* End PBXFrameworksBuildPhase section */

/* Begin PBXGroup section */
		A10000300000000000000001 = {
			isa = PBXGroup;
			children = (
				A10000310000000000000001 /* NativeDemoApp */,
				A10000320000000000000001 /* Products */,
			);
			sourceTree = "<group>";
		};
		A10000310000000000000001 /* NativeDemoApp */ = {
			isa = PBXGroup;
			children = (
				A10000110000000000000001 /* NativeDemoAppApp.swift */,
				A10000120000000000000001 /* ContentView.swift */,
				A10000330000000000000001 /* Models */,
				A10000340000000000000001 /* Services */,
				A10000350000000000000001 /* ViewModels */,
				A10000360000000000000001 /* Views */,
				T10000310000000000000001 /* Theme */,
				A100001B0000000000000001 /* Assets.xcassets */,
				A10000381000000000000001 /* Resources */,
				F13000020000000000000001 /* LaunchScreen.storyboard */,
				A10000370000000000000001 /* Preview Content */,
				A100001D0000000000000001 /* Info.plist */,
			);
			path = NativeDemoApp;
			sourceTree = "<group>";
		};
		A10000320000000000000001 /* Products */ = {
			isa = PBXGroup;
			children = (
				A10000100000000000000001 /* NativeDemoApp.app */,
			);
			name = Products;
			sourceTree = "<group>";
		};
		A10000330000000000000001 /* Models */ = {
			isa = PBXGroup;
			children = (
				A10000130000000000000001 /* HomeItem.swift */,
				A10000140000000000000001 /* AppSettings.swift */,
				F12000020000000000000001 /* RecordPreviewTier.swift */,
			);
			path = Models;
			sourceTree = "<group>";
		};
		A10000340000000000000001 /* Services */ = {
			isa = PBXGroup;
			children = (
				A10000150000000000000001 /* LocalStore.swift */,
				A100001E0000000000000001 /* OCRService.swift */,
				A100001F0000000000000001 /* AIReportService.swift */,
				A10000210000000000000001 /* KeychainService.swift */,
				A10000220000000000000001 /* AIUsageLimiter.swift */,
				A10000240000000000000001 /* AuthService.swift */,
				A10000260000000000000001 /* LedgerSyncService.swift */,
				A10000280000000000000001 /* AnalyticsService.swift */,
				A100002A0000000000000001 /* MemberNudgePolicyService.swift */,
				A100002C0000000000000001 /* PlaybackService.swift */,
				F21000020000000000000001 /* ShareInsightCopyPool.swift */,
				F21000040000000000000001 /* PlaybackSupportServices.swift */,
				A100008A0000000000000001 /* CategoryRecommendService.swift */,
				D21300020000000000000001 /* RecordPrefillService.swift */,
				D21400020000000000000001 /* RecordDraftResolutionService.swift */,
				D21500020000000000000001 /* RecordMemoryContextService.swift */,
				D21600020000000000000001 /* LifeSceneSemanticService.swift */,
				D21700020000000000000001 /* PhotoMemoryPromptPolicy.swift */,
				F25000020000000000000001 /* LifeMarkService.swift */,
				E0A000020000000000000001 /* EchoAnchorService.swift */,
				E0A000040000000000000001 /* UserContentRiskService.swift */,
				E0A000060000000000000001 /* SemanticBoundaryGuard.swift */,
				E0A000080000000000000001 /* RecordCalendarContext.swift */,
				C30000020000000000000001 /* MerchantBrandCatalog.swift */,
				C30000040000000000000001 /* NarrativeCopyResolver.swift */,
				B20000040000000000000001 /* WeatherCompanionService.swift */,
				B20000050000000000000001 /* PetCompanionCopy.swift */,
				B20000060000000000000001 /* PetCompanionService.swift */,
				B20000080000000000000001 /* PhotoLibrarySaveService.swift */,
				A100004A0000000000000001 /* PlaybackCopyPool.swift */,
				A100002E0000000000000001 /* MemberFlowService.swift */,
				A100003F0000000000000001 /* ScenePackCopyPool.swift */,
				F23000020000000000000001 /* FreeScenePackService.swift */,
				F24000020000000000000001 /* LifeInsightService.swift */,
				A10000440000000000000001 /* IAPService.swift */,
			);
			path = Services;
			sourceTree = "<group>";
		};
		A10000350000000000000001 /* ViewModels */ = {
			isa = PBXGroup;
			children = (
				A10000160000000000000001 /* HomeViewModel.swift */,
				F21000060000000000000001 /* HomeViewModel+Dashboard.swift */,
				A10000170000000000000001 /* SettingsViewModel.swift */,
			);
			path = ViewModels;
			sourceTree = "<group>";
		};
		A10000360000000000000001 /* Views */ = {
			isa = PBXGroup;
			children = (
				A10000180000000000000001 /* HomeView.swift */,
				A10000460000000000000001 /* RecordView.swift */,
				A10000480000000000000001 /* StatsWebView.swift */,
				F26000020000000000000001 /* StatsTraceInlineRecordEditor.swift */,
				F26000040000000000000001 /* StatsTraceModels.swift */,
				F26000060000000000000001 /* StatsTracePanelModifiers.swift */,
				F260000A0000000000000001 /* StatsTraceFilters.swift */,
				F260000C0000000000000001 /* StatsTraceRepresentative.swift */,
				F260000E0000000000000001 /* StatsTraceSnapshotStore.swift */,
				A100004E0000000000000001 /* InsightWebView.swift */,
				A100004C0000000000000001 /* ScenePackSectionView.swift */,
				A100004C1000000000000001 /* ScenePackVisualStyle.swift */,
				F12000040000000000000001 /* ScenePackAngleSheet.swift */,
				A10000190000000000000001 /* SettingsView.swift */,
				A10000390000000000000001 /* MemberPricingView.swift */,
				A100003A0000000000000001 /* SummaryPlaybackSheet.swift */,
				A100003D0000000000000001 /* OCRConfirmSheet.swift */,
				A10000380000000000000001 /* Components */,
			);
			path = Views;
			sourceTree = "<group>";
		};
		A10000381000000000000001 /* Resources */ = {
			isa = PBXGroup;
			children = (
				A100001B1000000000000001 /* RecordSceneLexicon.json */,
				A100001B2000000000000001 /* RecordSceneLexicon.regression.json */,
			);
			path = Resources;
			sourceTree = "<group>";
		};
		A10000370000000000000001 /* Preview Content */ = {
			isa = PBXGroup;
			children = (
				A100001C0000000000000001 /* Preview Assets.xcassets */,
			);
			path = "Preview Content";
			sourceTree = "<group>";
		};
		A10000380000000000000001 /* Components */ = {
			isa = PBXGroup;
			children = (
				F27000020000000000000001 /* ComputationLoadingView.swift */,
				A100001A0000000000000001 /* StatCardView.swift */,
				E10000020000000000000001 /* LifeEntryPreviewCard.swift */,
				E10000040000000000000001 /* MemoryAttachmentViews.swift */,
			);
			path = Components;
			sourceTree = "<group>";
		};
		T10000310000000000000001 /* Theme */ = {
			isa = PBXGroup;
			children = (
				T10000140000000000000001 /* ThemeCatalog.json */,
				T10000110000000000000001 /* ThemeTokens.swift */,
				T10000120000000000000001 /* ThemeResolver.swift */,
				T10000130000000000000001 /* AppTheme.swift */,
			);
			path = Theme;
			sourceTree = "<group>";
		};
/* End PBXGroup section */

/* Begin PBXNativeTarget section */
		A10000400000000000000001 /* NativeDemoApp */ = {
			isa = PBXNativeTarget;
			buildConfigurationList = A10000510000000000000001 /* Build configuration list for PBXNativeTarget "NativeDemoApp" */;
			buildPhases = (
				A10000410000000000000001 /* Sources */,
				A10000200000000000000001 /* Frameworks */,
				A10000420000000000000001 /* Resources */,
			);
			buildRules = (
			);
			dependencies = (
			);
			name = NativeDemoApp;
			productName = NativeDemoApp;
			productReference = A10000100000000000000001 /* NativeDemoApp.app */;
			productType = "com.apple.product-type.application";
		};
/* End PBXNativeTarget section */

/* Begin PBXProject section */
		A10000600000000000000001 /* Project object */ = {
			isa = PBXProject;
			attributes = {
				BuildIndependentTargetsInParallel = 1;
				LastSwiftUpdateCheck = 1600;
				LastUpgradeCheck = 1600;
				TargetAttributes = {
					A10000400000000000000001 = {
						CreatedOnToolsVersion = 16.0;
					};
				};
			};
			buildConfigurationList = A10000500000000000000001 /* Build configuration list for PBXProject "NativeDemoApp" */;
			compatibilityVersion = "Xcode 15.0";
			developmentRegion = en;
			hasScannedForEncodings = 0;
			knownRegions = (
				en,
				Base,
			);
			mainGroup = A10000300000000000000001;
			productRefGroup = A10000320000000000000001 /* Products */;
			projectDirPath = "";
			projectRoot = "";
			targets = (
				A10000400000000000000001 /* NativeDemoApp */,
			);
		};
/* End PBXProject section */

/* Begin PBXResourcesBuildPhase section */
		A10000420000000000000001 /* Resources */ = {
			isa = PBXResourcesBuildPhase;
			buildActionMask = 2147483647;
			files = (
				A100000B0000000000000001 /* Assets.xcassets in Resources */,
				A100000B1000000000000001 /* RecordSceneLexicon.json in Resources */,
				A100000B2000000000000001 /* RecordSceneLexicon.regression.json in Resources */,
				F13000010000000000000001 /* LaunchScreen.storyboard in Resources */,
				T10000040000000000000001 /* ThemeCatalog.json in Resources */,
			);
			runOnlyForDeploymentPostprocessing = 0;
		};
/* End PBXResourcesBuildPhase section */

/* Begin PBXSourcesBuildPhase section */
		A10000410000000000000001 /* Sources */ = {
			isa = PBXSourcesBuildPhase;
			buildActionMask = 2147483647;
			files = (
				A10000010000000000000001 /* NativeDemoAppApp.swift in Sources */,
				A10000020000000000000001 /* ContentView.swift in Sources */,
				A10000030000000000000001 /* HomeItem.swift in Sources */,
				A10000040000000000000001 /* AppSettings.swift in Sources */,
				A10000050000000000000001 /* LocalStore.swift in Sources */,
				A10000060000000000000001 /* HomeViewModel.swift in Sources */,
				A10000070000000000000001 /* SettingsViewModel.swift in Sources */,
				A10000080000000000000001 /* HomeView.swift in Sources */,
				A10000090000000000000001 /* SettingsView.swift in Sources */,
				A100000A0000000000000001 /* StatCardView.swift in Sources */,
				A100000C0000000000000001 /* OCRService.swift in Sources */,
				A100000D0000000000000001 /* AIReportService.swift in Sources */,
				A100000E0000000000000001 /* KeychainService.swift in Sources */,
				A100000F0000000000000001 /* AIUsageLimiter.swift in Sources */,
				A10000230000000000000001 /* AuthService.swift in Sources */,
				A10000250000000000000001 /* LedgerSyncService.swift in Sources */,
				A10000270000000000000001 /* AnalyticsService.swift in Sources */,
				A10000290000000000000001 /* MemberNudgePolicyService.swift in Sources */,
				A100002B0000000000000001 /* PlaybackService.swift in Sources */,
				F21000010000000000000001 /* ShareInsightCopyPool.swift in Sources */,
				F21000030000000000000001 /* PlaybackSupportServices.swift in Sources */,
				A100002D0000000000000001 /* MemberFlowService.swift in Sources */,
				F21000050000000000000001 /* HomeViewModel+Dashboard.swift in Sources */,
				A100002F0000000000000001 /* MemberPricingView.swift in Sources */,
				A100003B0000000000000001 /* SummaryPlaybackSheet.swift in Sources */,
				A100003C0000000000000001 /* OCRConfirmSheet.swift in Sources */,
				A100003E0000000000000001 /* ScenePackCopyPool.swift in Sources */,
				F23000010000000000000001 /* FreeScenePackService.swift in Sources */,
				F24000010000000000000001 /* LifeInsightService.swift in Sources */,
				F25000010000000000000001 /* LifeMarkService.swift in Sources */,
				A10000430000000000000001 /* IAPService.swift in Sources */,
				A10000450000000000000001 /* RecordView.swift in Sources */,
				A10000470000000000000001 /* StatsWebView.swift in Sources */,
				F26000010000000000000001 /* StatsTraceInlineRecordEditor.swift in Sources */,
				F26000030000000000000001 /* StatsTraceModels.swift in Sources */,
				F26000050000000000000001 /* StatsTracePanelModifiers.swift in Sources */,
				F26000090000000000000001 /* StatsTraceFilters.swift in Sources */,
				F260000B0000000000000001 /* StatsTraceRepresentative.swift in Sources */,
				F260000D0000000000000001 /* StatsTraceSnapshotStore.swift in Sources */,
				A10000490000000000000001 /* PlaybackCopyPool.swift in Sources */,
				A100004B0000000000000001 /* ScenePackSectionView.swift in Sources */,
				A100004B1000000000000001 /* ScenePackVisualStyle.swift in Sources */,
				A100004D0000000000000001 /* InsightWebView.swift in Sources */,
				A100004F0000000000000001 /* CategoryRecommendService.swift in Sources */,
				B20000010000000000000001 /* WeatherCompanionService.swift in Sources */,
				B20000020000000000000001 /* PetCompanionCopy.swift in Sources */,
				B20000030000000000000001 /* PetCompanionService.swift in Sources */,
				B20000070000000000000001 /* PhotoLibrarySaveService.swift in Sources */,
				C30000010000000000000001 /* MerchantBrandCatalog.swift in Sources */,
				C30000030000000000000001 /* NarrativeCopyResolver.swift in Sources */,
				D21300010000000000000001 /* RecordPrefillService.swift in Sources */,
				D21400010000000000000001 /* RecordDraftResolutionService.swift in Sources */,
				D21500010000000000000001 /* RecordMemoryContextService.swift in Sources */,
				D21600010000000000000001 /* LifeSceneSemanticService.swift in Sources */,
				D21700010000000000000001 /* PhotoMemoryPromptPolicy.swift in Sources */,
				E0A000010000000000000001 /* EchoAnchorService.swift in Sources */,
				E0A000030000000000000001 /* UserContentRiskService.swift in Sources */,
				E0A000050000000000000001 /* SemanticBoundaryGuard.swift in Sources */,
				E0A000070000000000000001 /* RecordCalendarContext.swift in Sources */,
				E10000010000000000000001 /* LifeEntryPreviewCard.swift in Sources */,
				E10000030000000000000001 /* MemoryAttachmentViews.swift in Sources */,
				F27000010000000000000001 /* ComputationLoadingView.swift in Sources */,
				F12000010000000000000001 /* RecordPreviewTier.swift in Sources */,
				F12000030000000000000001 /* ScenePackAngleSheet.swift in Sources */,
				T10000010000000000000001 /* ThemeTokens.swift in Sources */,
				T10000020000000000000001 /* ThemeResolver.swift in Sources */,
				T10000030000000000000001 /* AppTheme.swift in Sources */,
			);
			runOnlyForDeploymentPostprocessing = 0;
		};
/* End PBXSourcesBuildPhase section */

/* Begin XCBuildConfiguration section */
		A10000700000000000000001 /* Debug */ = {
			isa = XCBuildConfiguration;
			buildSettings = {
				ALWAYS_SEARCH_USER_PATHS = NO;
				CLANG_ANALYZER_NONNULL = YES;
				CLANG_ANALYZER_NUMBER_OBJECT_CONVERSION = YES_AGGRESSIVE;
				CLANG_CXX_LANGUAGE_STANDARD = "gnu++20";
				CLANG_ENABLE_MODULES = YES;
				CLANG_ENABLE_OBJC_ARC = YES;
				CLANG_ENABLE_OBJC_WEAK = YES;
				CLANG_WARN_BLOCK_CAPTURE_AUTORELEASING = YES;
				CLANG_WARN_BOOL_CONVERSION = YES;
				CLANG_WARN_COMMA = YES;
				CLANG_WARN_CONSTANT_CONVERSION = YES;
				CLANG_WARN_DEPRECATED_OBJC_IMPLEMENTATIONS = YES;
				CLANG_WARN_DIRECT_OBJC_ISA_USAGE = YES_ERROR;
				CLANG_WARN_DOCUMENTATION_COMMENTS = YES;
				CLANG_WARN_EMPTY_BODY = YES;
				CLANG_WARN_ENUM_CONVERSION = YES;
				CLANG_WARN_INFINITE_RECURSION = YES;
				CLANG_WARN_INT_CONVERSION = YES;
				CLANG_WARN_NON_LITERAL_NULL_CONVERSION = YES;
				CLANG_WARN_OBJC_IMPLICIT_RETAIN_SELF = YES;
				CLANG_WARN_OBJC_LITERAL_CONVERSION = YES;
				CLANG_WARN_OBJC_ROOT_CLASS = YES_ERROR;
				CLANG_WARN_QUOTED_INCLUDE_IN_FRAMEWORK_HEADER = YES;
				CLANG_WARN_RANGE_LOOP_ANALYSIS = YES;
				CLANG_WARN_STRICT_PROTOTYPES = YES;
				CLANG_WARN_SUSPICIOUS_MOVE = YES;
				CLANG_WARN_UNGUARDED_AVAILABILITY = YES_AGGRESSIVE;
				CLANG_WARN_UNREACHABLE_CODE = YES;
				CLANG_WARN__DUPLICATE_METHOD_MATCH = YES;
				COPY_PHASE_STRIP = NO;
				DEBUG_INFORMATION_FORMAT = dwarf;
				ENABLE_STRICT_OBJC_MSGSEND = YES;
				ENABLE_TESTABILITY = YES;
				GCC_C_LANGUAGE_STANDARD = gnu17;
				GCC_DYNAMIC_NO_PIC = NO;
				GCC_NO_COMMON_BLOCKS = YES;
				GCC_OPTIMIZATION_LEVEL = 0;
				GCC_PREPROCESSOR_DEFINITIONS = (
					"DEBUG=1",
					"$(inherited)",
				);
				GCC_WARN_64_TO_32_BIT_CONVERSION = YES;
				GCC_WARN_ABOUT_RETURN_TYPE = YES_ERROR;
				GCC_WARN_UNDECLARED_SELECTOR = YES;
				GCC_WARN_UNINITIALIZED_AUTOS = YES_AGGRESSIVE;
				GCC_WARN_UNUSED_FUNCTION = YES;
				GCC_WARN_UNUSED_VARIABLE = YES;
				IPHONEOS_DEPLOYMENT_TARGET = 17.0;
				MTL_ENABLE_DEBUG_INFO = INCLUDE_SOURCE;
				MTL_FAST_MATH = YES;
				ONLY_ACTIVE_ARCH = YES;
				SDKROOT = iphoneos;
				SWIFT_ACTIVE_COMPILATION_CONDITIONS = "DEBUG $(inherited)";
				SWIFT_OPTIMIZATION_LEVEL = "-Onone";
			};
			name = Debug;
		};
		A10000710000000000000001 /* Release */ = {
			isa = XCBuildConfiguration;
			buildSettings = {
				ALWAYS_SEARCH_USER_PATHS = NO;
				CLANG_ANALYZER_NONNULL = YES;
				CLANG_ANALYZER_NUMBER_OBJECT_CONVERSION = YES_AGGRESSIVE;
				CLANG_CXX_LANGUAGE_STANDARD = "gnu++20";
				CLANG_ENABLE_MODULES = YES;
				CLANG_ENABLE_OBJC_ARC = YES;
				CLANG_ENABLE_OBJC_WEAK = YES;
				CLANG_WARN_BLOCK_CAPTURE_AUTORELEASING = YES;
				CLANG_WARN_BOOL_CONVERSION = YES;
				CLANG_WARN_COMMA = YES;
				CLANG_WARN_CONSTANT_CONVERSION = YES;
				CLANG_WARN_DEPRECATED_OBJC_IMPLEMENTATIONS = YES;
				CLANG_WARN_DIRECT_OBJC_ISA_USAGE = YES_ERROR;
				CLANG_WARN_DOCUMENTATION_COMMENTS = YES;
				CLANG_WARN_EMPTY_BODY = YES;
				CLANG_WARN_ENUM_CONVERSION = YES;
				CLANG_WARN_INFINITE_RECURSION = YES;
				CLANG_WARN_INT_CONVERSION = YES;
				CLANG_WARN_NON_LITERAL_NULL_CONVERSION = YES;
				CLANG_WARN_OBJC_IMPLICIT_RETAIN_SELF = YES;
				CLANG_WARN_OBJC_LITERAL_CONVERSION = YES;
				CLANG_WARN_OBJC_ROOT_CLASS = YES_ERROR;
				CLANG_WARN_QUOTED_INCLUDE_IN_FRAMEWORK_HEADER = YES;
				CLANG_WARN_RANGE_LOOP_ANALYSIS = YES;
				CLANG_WARN_STRICT_PROTOTYPES = YES;
				CLANG_WARN_SUSPICIOUS_MOVE = YES;
				CLANG_WARN_UNGUARDED_AVAILABILITY = YES_AGGRESSIVE;
				CLANG_WARN_UNREACHABLE_CODE = YES;
				CLANG_WARN__DUPLICATE_METHOD_MATCH = YES;
				COPY_PHASE_STRIP = NO;
				DEBUG_INFORMATION_FORMAT = "dwarf-with-dsym";
				ENABLE_NS_ASSERTIONS = NO;
				ENABLE_STRICT_OBJC_MSGSEND = YES;
				GCC_C_LANGUAGE_STANDARD = gnu17;
				GCC_NO_COMMON_BLOCKS = YES;
				GCC_WARN_64_TO_32_BIT_CONVERSION = YES;
				GCC_WARN_ABOUT_RETURN_TYPE = YES_ERROR;
				GCC_WARN_UNDECLARED_SELECTOR = YES;
				GCC_WARN_UNINITIALIZED_AUTOS = YES_AGGRESSIVE;
				GCC_WARN_UNUSED_FUNCTION = YES;
				GCC_WARN_UNUSED_VARIABLE = YES;
				IPHONEOS_DEPLOYMENT_TARGET = 17.0;
				MTL_ENABLE_DEBUG_INFO = NO;
				MTL_FAST_MATH = YES;
				SDKROOT = iphoneos;
				SWIFT_COMPILATION_MODE = wholemodule;
				SWIFT_OPTIMIZATION_LEVEL = "-O";
				VALIDATE_PRODUCT = YES;
			};
			name = Release;
		};
		A10000720000000000000001 /* Debug */ = {
			isa = XCBuildConfiguration;
			buildSettings = {
				ASSETCATALOG_COMPILER_APPICON_NAME = AppIcon;
				ASSETCATALOG_COMPILER_GLOBAL_ACCENT_COLOR_NAME = AccentColor;
				CODE_SIGN_STYLE = Automatic;
				CURRENT_PROJECT_VERSION = 1;
				DEVELOPMENT_ASSET_PATHS = "\"NativeDemoApp/Preview Content\"";
				DEVELOPMENT_TEAM = 4SYY8L84JV;
				ENABLE_PREVIEWS = YES;
				GENERATE_INFOPLIST_FILE = NO;
				INFOPLIST_FILE = NativeDemoApp/Info.plist;
				INFOPLIST_KEY_UIApplicationSupportsIndirectInputEvents = YES;
				IPHONEOS_DEPLOYMENT_TARGET = 17.0;
				LD_RUNPATH_SEARCH_PATHS = (
					"$(inherited)",
					"@executable_path/Frameworks",
				);
				MARKETING_VERSION = 1.0;
				PRODUCT_BUNDLE_IDENTIFIER = com.xuzhang.app;
				PRODUCT_NAME = "$(TARGET_NAME)";
				SDKROOT = iphoneos;
				SUPPORTED_PLATFORMS = "iphoneos iphonesimulator";
				SWIFT_EMIT_LOC_STRINGS = YES;
				SWIFT_VERSION = 5.0;
				TARGETED_DEVICE_FAMILY = "1,2";
			};
			name = Debug;
		};
		A10000730000000000000001 /* Release */ = {
			isa = XCBuildConfiguration;
			buildSettings = {
				ASSETCATALOG_COMPILER_APPICON_NAME = AppIcon;
				ASSETCATALOG_COMPILER_GLOBAL_ACCENT_COLOR_NAME = AccentColor;
				CODE_SIGN_STYLE = Automatic;
				CURRENT_PROJECT_VERSION = 1;
				DEVELOPMENT_ASSET_PATHS = "\"NativeDemoApp/Preview Content\"";
				DEVELOPMENT_TEAM = 4SYY8L84JV;
				ENABLE_PREVIEWS = YES;
				GENERATE_INFOPLIST_FILE = NO;
				INFOPLIST_FILE = NativeDemoApp/Info.plist;
				INFOPLIST_KEY_UIApplicationSupportsIndirectInputEvents = YES;
				IPHONEOS_DEPLOYMENT_TARGET = 17.0;
				LD_RUNPATH_SEARCH_PATHS = (
					"$(inherited)",
					"@executable_path/Frameworks",
				);
				MARKETING_VERSION = 1.0;
				PRODUCT_BUNDLE_IDENTIFIER = com.xuzhang.app;
				PRODUCT_NAME = "$(TARGET_NAME)";
				SDKROOT = iphoneos;
				SUPPORTED_PLATFORMS = "iphoneos iphonesimulator";
				SWIFT_EMIT_LOC_STRINGS = YES;
				SWIFT_VERSION = 5.0;
				TARGETED_DEVICE_FAMILY = "1,2";
			};
			name = Release;
		};
/* End XCBuildConfiguration section */

/* Begin XCConfigurationList section */
		A10000500000000000000001 /* Build configuration list for PBXProject "NativeDemoApp" */ = {
			isa = XCConfigurationList;
			buildConfigurations = (
				A10000700000000000000001 /* Debug */,
				A10000710000000000000001 /* Release */,
			);
			defaultConfigurationIsVisible = 0;
			defaultConfigurationName = Release;
		};
		A10000510000000000000001 /* Build configuration list for PBXNativeTarget "NativeDemoApp" */ = {
			isa = XCConfigurationList;
			buildConfigurations = (
				A10000720000000000000001 /* Debug */,
				A10000730000000000000001 /* Release */,
			);
			defaultConfigurationIsVisible = 0;
			defaultConfigurationName = Release;
		};
/* End XCConfigurationList section */
	};
	rootObject = A10000600000000000000001 /* Project object */;
}
