// !$*UTF8*$!
{
	archiveVersion = 1;
	classes = {
	};
	objectVersion = 56;
	objects = {

/* Begin PBXBuildFile section */
		A10000010000000000000001 /* NativeDemoAppApp.swift in Sources */ = {isa = PBXBuildFile; fileRef = A10000110000000000000001 /* NativeDemoAppApp.swift */; };
		A10000020000000000000001 /* ContentView.swift in Sources */ = {isa = PBXBuildFile; fileRef = A10000120000000000000001 /* ContentView.swift */; };
		A10000030000000000000001 /* HomeItem.swift in Sources */ = {isa = PBXBuildFile; fileRef = A10000130000000000000001 /* HomeItem.swift */; };
		A10000040000000000000001 /* AppSettings.swift in Sources */ = {isa = PBXBuildFile; fileRef = A10000140000000000000001 /* AppSettings.swift */; };
		A10000050000000000000001 /* LocalStore.swift in Sources */ = {isa = PBXBuildFile; fileRef = A10000150000000000000001 /* LocalStore.swift */; };
		A10000060000000000000001 /* HomeViewModel.swift in Sources */ = {isa = PBXBuildFile; fileRef = A10000160000000000000001 /* HomeViewModel.swift */; };
		A10000070000000000000001 /* SettingsViewModel.swift in Sources */ = {isa = PBXBuildFile; fileRef = A10000170000000000000001 /* SettingsViewModel.swift */; };
		A10000080000000000000001 /* HomeView.swift in Sources */ = {isa = PBXBuildFile; fileRef = A10000180000000000000001 /* HomeView.swift */; };
		A10000090000000000000001 /* SettingsView.swift in Sources */ = {isa = PBXBuildFile; fileRef = A10000190000000000000001 /* SettingsView.swift */; };
		A100000A0000000000000001 /* StatCardView.swift in Sources */ = {isa = PBXBuildFile; fileRef = A100001A0000000000000001 /* StatCardView.swift */; };
		A100000B0000000000000001 /* Assets.xcassets in Resources */ = {isa = PBXBuildFile; fileRef = A100001B0000000000000001 /* Assets.xcassets */; };
		A100000C0000000000000001 /* OCRService.swift in Sources */ = {isa = PBXBuildFile; fileRef = A100001E0000000000000001 /* OCRService.swift */; };
		A100000D0000000000000001 /* AIReportService.swift in Sources */ = {isa = PBXBuildFile; fileRef = A100001F0000000000000001 /* AIReportService.swift */; };
		A100000E0000000000000001 /* KeychainService.swift in Sources */ = {isa = PBXBuildFile; fileRef = A10000210000000000000001 /* KeychainService.swift */; };
		A100000F0000000000000001 /* AIUsageLimiter.swift in Sources */ = {isa = PBXBuildFile; fileRef = A10000220000000000000001 /* AIUsageLimiter.swift */; };
/* End PBXBuildFile section */

/* Begin PBXFileReference section */
		A10000100000000000000001 /* NativeDemoApp.app */ = {isa = PBXFileReference; explicitFileType = wrapper.application; includeInIndex = 0; path = NativeDemoApp.app; sourceTree = BUILT_PRODUCTS_DIR; };
		A10000110000000000000001 /* NativeDemoAppApp.swift */ = {isa = PBXFileReference; lastKnownFileType = sourcecode.swift; path = NativeDemoAppApp.swift; sourceTree = "<group>"; };
		A10000120000000000000001 /* ContentView.swift */ = {isa = PBXFileReference; lastKnownFileType = sourcecode.swift; path = ContentView.swift; sourceTree = "<group>"; };
		A10000130000000000000001 /* HomeItem.swift */ = {isa = PBXFileReference; lastKnownFileType = sourcecode.swift; path = HomeItem.swift; sourceTree = "<group>"; };
		A10000140000000000000001 /* AppSettings.swift */ = {isa = PBXFileReference; lastKnownFileType = sourcecode.swift; path = AppSettings.swift; sourceTree = "<group>"; };
		A10000150000000000000001 /* LocalStore.swift */ = {isa = PBXFileReference; lastKnownFileType = sourcecode.swift; path = LocalStore.swift; sourceTree = "<group>"; };
		A10000160000000000000001 /* HomeViewModel.swift */ = {isa = PBXFileReference; lastKnownFileType = sourcecode.swift; path = HomeViewModel.swift; sourceTree = "<group>"; };
		A10000170000000000000001 /* SettingsViewModel.swift */ = {isa = PBXFileReference; lastKnownFileType = sourcecode.swift; path = SettingsViewModel.swift; sourceTree = "<group>"; };
		A10000180000000000000001 /* HomeView.swift */ = {isa = PBXFileReference; lastKnownFileType = sourcecode.swift; path = HomeView.swift; sourceTree = "<group>"; };
		A10000190000000000000001 /* SettingsView.swift */ = {isa = PBXFileReference; lastKnownFileType = sourcecode.swift; path = SettingsView.swift; sourceTree = "<group>"; };
		A100001A0000000000000001 /* StatCardView.swift */ = {isa = PBXFileReference; lastKnownFileType = sourcecode.swift; path = StatCardView.swift; sourceTree = "<group>"; };
		A100001B0000000000000001 /* Assets.xcassets */ = {isa = PBXFileReference; lastKnownFileType = folder.assetcatalog; path = Assets.xcassets; sourceTree = "<group>"; };
		A100001C0000000000000001 /* Preview Assets.xcassets */ = {isa = PBXFileReference; lastKnownFileType = folder.assetcatalog; path = "Preview Assets.xcassets"; sourceTree = "<group>"; };
		A100001D0000000000000001 /* Info.plist */ = {isa = PBXFileReference; lastKnownFileType = text.plist.xml; path = Info.plist; sourceTree = "<group>"; };
		A100001E0000000000000001 /* OCRService.swift */ = {isa = PBXFileReference; lastKnownFileType = sourcecode.swift; path = OCRService.swift; sourceTree = "<group>"; };
		A100001F0000000000000001 /* AIReportService.swift */ = {isa = PBXFileReference; lastKnownFileType = sourcecode.swift; path = AIReportService.swift; sourceTree = "<group>"; };
		A10000210000000000000001 /* KeychainService.swift */ = {isa = PBXFileReference; lastKnownFileType = sourcecode.swift; path = KeychainService.swift; sourceTree = "<group>"; };
		A10000220000000000000001 /* AIUsageLimiter.swift */ = {isa = PBXFileReference; lastKnownFileType = sourcecode.swift; path = AIUsageLimiter.swift; sourceTree = "<group>"; };
/* End PBXFileReference section */

/* Begin PBXFrameworksBuildPhase section */
		A10000200000000000000001 /* Frameworks */ = {
			isa = PBXFrameworksBuildPhase;
			buildActionMask = 2147483647;
			files = (
			);
			runOnlyForDeploymentPostprocessing = 0;
		};
/* End PBXFrameworksBuildPhase section */

/* Begin PBXGroup section */
		A10000300000000000000001 = {
			isa = PBXGroup;
			children = (
				A10000310000000000000001 /* NativeDemoApp */,
				A10000320000000000000001 /* Products */,
			);
			sourceTree = "<group>";
		};
		A10000310000000000000001 /* NativeDemoApp */ = {
			isa = PBXGroup;
			children = (
				A10000110000000000000001 /* NativeDemoAppApp.swift */,
				A10000120000000000000001 /* ContentView.swift */,
				A10000330000000000000001 /* Models */,
				A10000340000000000000001 /* Services */,
				A10000350000000000000001 /* ViewModels */,
				A10000360000000000000001 /* Views */,
				A100001B0000000000000001 /* Assets.xcassets */,
				A10000370000000000000001 /* Preview Content */,
				A100001D0000000000000001 /* Info.plist */,
			);
			path = NativeDemoApp;
			sourceTree = "<group>";
		};
		A10000320000000000000001 /* Products */ = {
			isa = PBXGroup;
			children = (
				A10000100000000000000001 /* NativeDemoApp.app */,
			);
			name = Products;
			sourceTree = "<group>";
		};
		A10000330000000000000001 /* Models */ = {
			isa = PBXGroup;
			children = (
				A10000130000000000000001 /* HomeItem.swift */,
				A10000140000000000000001 /* AppSettings.swift */,
			);
			path = Models;
			sourceTree = "<group>";
		};
		A10000340000000000000001 /* Services */ = {
			isa = PBXGroup;
			children = (
				A10000150000000000000001 /* LocalStore.swift */,
				A100001E0000000000000001 /* OCRService.swift */,
				A100001F0000000000000001 /* AIReportService.swift */,
				A10000210000000000000001 /* KeychainService.swift */,
				A10000220000000000000001 /* AIUsageLimiter.swift */,
			);
			path = Services;
			sourceTree = "<group>";
		};
		A10000350000000000000001 /* ViewModels */ = {
			isa = PBXGroup;
			children = (
				A10000160000000000000001 /* HomeViewModel.swift */,
				A10000170000000000000001 /* SettingsViewModel.swift */,
			);
			path = ViewModels;
			sourceTree = "<group>";
		};
		A10000360000000000000001 /* Views */ = {
			isa = PBXGroup;
			children = (
				A10000180000000000000001 /* HomeView.swift */,
				A10000190000000000000001 /* SettingsView.swift */,
				A10000380000000000000001 /* Components */,
			);
			path = Views;
			sourceTree = "<group>";
		};
		A10000370000000000000001 /* Preview Content */ = {
			isa = PBXGroup;
			children = (
				A100001C0000000000000001 /* Preview Assets.xcassets */,
			);
			path = "Preview Content";
			sourceTree = "<group>";
		};
		A10000380000000000000001 /* Components */ = {
			isa = PBXGroup;
			children = (
				A100001A0000000000000001 /* StatCardView.swift */,
			);
			path = Components;
			sourceTree = "<group>";
		};
/* End PBXGroup section */

/* Begin PBXNativeTarget section */
		A10000400000000000000001 /* NativeDemoApp */ = {
			isa = PBXNativeTarget;
			buildConfigurationList = A10000510000000000000001 /* Build configuration list for PBXNativeTarget "NativeDemoApp" */;
			buildPhases = (
				A10000410000000000000001 /* Sources */,
				A10000200000000000000001 /* Frameworks */,
				A10000420000000000000001 /* Resources */,
			);
			buildRules = (
			);
			dependencies = (
			);
			name = NativeDemoApp;
			productName = NativeDemoApp;
			productReference = A10000100000000000000001 /* NativeDemoApp.app */;
			productType = "com.apple.product-type.application";
		};
/* End PBXNativeTarget section */

/* Begin PBXProject section */
		A10000600000000000000001 /* Project object */ = {
			isa = PBXProject;
			attributes = {
				BuildIndependentTargetsInParallel = 1;
				LastSwiftUpdateCheck = 1600;
				LastUpgradeCheck = 1600;
				TargetAttributes = {
					A10000400000000000000001 = {
						CreatedOnToolsVersion = 16.0;
					};
				};
			};
			buildConfigurationList = A10000500000000000000001 /* Build configuration list for PBXProject "NativeDemoApp" */;
			compatibilityVersion = "Xcode 15.0";
			developmentRegion = en;
			hasScannedForEncodings = 0;
			knownRegions = (
				en,
				Base,
			);
			mainGroup = A10000300000000000000001;
			productRefGroup = A10000320000000000000001 /* Products */;
			projectDirPath = "";
			projectRoot = "";
			targets = (
				A10000400000000000000001 /* NativeDemoApp */,
			);
		};
/* End PBXProject section */

/* Begin PBXResourcesBuildPhase section */
		A10000420000000000000001 /* Resources */ = {
			isa = PBXResourcesBuildPhase;
			buildActionMask = 2147483647;
			files = (
				A100000B0000000000000001 /* Assets.xcassets in Resources */,
			);
			runOnlyForDeploymentPostprocessing = 0;
		};
/* End PBXResourcesBuildPhase section */

/* Begin PBXSourcesBuildPhase section */
		A10000410000000000000001 /* Sources */ = {
			isa = PBXSourcesBuildPhase;
			buildActionMask = 2147483647;
			files = (
				A10000010000000000000001 /* NativeDemoAppApp.swift in Sources */,
				A10000020000000000000001 /* ContentView.swift in Sources */,
				A10000030000000000000001 /* HomeItem.swift in Sources */,
				A10000040000000000000001 /* AppSettings.swift in Sources */,
				A10000050000000000000001 /* LocalStore.swift in Sources */,
				A10000060000000000000001 /* HomeViewModel.swift in Sources */,
				A10000070000000000000001 /* SettingsViewModel.swift in Sources */,
				A10000080000000000000001 /* HomeView.swift in Sources */,
				A10000090000000000000001 /* SettingsView.swift in Sources */,
				A100000A0000000000000001 /* StatCardView.swift in Sources */,
				A100000C0000000000000001 /* OCRService.swift in Sources */,
				A100000D0000000000000001 /* AIReportService.swift in Sources */,
				A100000E0000000000000001 /* KeychainService.swift in Sources */,
				A100000F0000000000000001 /* AIUsageLimiter.swift in Sources */,
			);
			runOnlyForDeploymentPostprocessing = 0;
		};
/* End PBXSourcesBuildPhase section */

/* Begin XCBuildConfiguration section */
		A10000700000000000000001 /* Debug */ = {
			isa = XCBuildConfiguration;
			buildSettings = {
				ALWAYS_SEARCH_USER_PATHS = NO;
				CLANG_ANALYZER_NONNULL = YES;
				CLANG_ANALYZER_NUMBER_OBJECT_CONVERSION = YES_AGGRESSIVE;
				CLANG_CXX_LANGUAGE_STANDARD = "gnu++20";
				CLANG_ENABLE_MODULES = YES;
				CLANG_ENABLE_OBJC_ARC = YES;
				CLANG_ENABLE_OBJC_WEAK = YES;
				CLANG_WARN_BLOCK_CAPTURE_AUTORELEASING = YES;
				CLANG_WARN_BOOL_CONVERSION = YES;
				CLANG_WARN_COMMA = YES;
				CLANG_WARN_CONSTANT_CONVERSION = YES;
				CLANG_WARN_DEPRECATED_OBJC_IMPLEMENTATIONS = YES;
				CLANG_WARN_DIRECT_OBJC_ISA_USAGE = YES_ERROR;
				CLANG_WARN_DOCUMENTATION_COMMENTS = YES;
				CLANG_WARN_EMPTY_BODY = YES;
				CLANG_WARN_ENUM_CONVERSION = YES;
				CLANG_WARN_INFINITE_RECURSION = YES;
				CLANG_WARN_INT_CONVERSION = YES;
				CLANG_WARN_NON_LITERAL_NULL_CONVERSION = YES;
				CLANG_WARN_OBJC_IMPLICIT_RETAIN_SELF = YES;
				CLANG_WARN_OBJC_LITERAL_CONVERSION = YES;
				CLANG_WARN_OBJC_ROOT_CLASS = YES_ERROR;
				CLANG_WARN_QUOTED_INCLUDE_IN_FRAMEWORK_HEADER = YES;
				CLANG_WARN_RANGE_LOOP_ANALYSIS = YES;
				CLANG_WARN_STRICT_PROTOTYPES = YES;
				CLANG_WARN_SUSPICIOUS_MOVE = YES;
				CLANG_WARN_UNGUARDED_AVAILABILITY = YES_AGGRESSIVE;
				CLANG_WARN_UNREACHABLE_CODE = YES;
				CLANG_WARN__DUPLICATE_METHOD_MATCH = YES;
				COPY_PHASE_STRIP = NO;
				DEBUG_INFORMATION_FORMAT = dwarf;
				ENABLE_STRICT_OBJC_MSGSEND = YES;
				ENABLE_TESTABILITY = YES;
				GCC_C_LANGUAGE_STANDARD = gnu17;
				GCC_DYNAMIC_NO_PIC = NO;
				GCC_NO_COMMON_BLOCKS = YES;
				GCC_OPTIMIZATION_LEVEL = 0;
				GCC_PREPROCESSOR_DEFINITIONS = (
					"DEBUG=1",
					"$(inherited)",
				);
				GCC_WARN_64_TO_32_BIT_CONVERSION = YES;
				GCC_WARN_ABOUT_RETURN_TYPE = YES_ERROR;
				GCC_WARN_UNDECLARED_SELECTOR = YES;
				GCC_WARN_UNINITIALIZED_AUTOS = YES_AGGRESSIVE;
				GCC_WARN_UNUSED_FUNCTION = YES;
				GCC_WARN_UNUSED_VARIABLE = YES;
				IPHONEOS_DEPLOYMENT_TARGET = 17.0;
				MTL_ENABLE_DEBUG_INFO = INCLUDE_SOURCE;
				MTL_FAST_MATH = YES;
				ONLY_ACTIVE_ARCH = YES;
				SDKROOT = iphoneos;
				SWIFT_ACTIVE_COMPILATION_CONDITIONS = "DEBUG $(inherited)";
				SWIFT_OPTIMIZATION_LEVEL = "-Onone";
			};
			name = Debug;
		};
		A10000710000000000000001 /* Release */ = {
			isa = XCBuildConfiguration;
			buildSettings = {
				ALWAYS_SEARCH_USER_PATHS = NO;
				CLANG_ANALYZER_NONNULL = YES;
				CLANG_ANALYZER_NUMBER_OBJECT_CONVERSION = YES_AGGRESSIVE;
				CLANG_CXX_LANGUAGE_STANDARD = "gnu++20";
				CLANG_ENABLE_MODULES = YES;
				CLANG_ENABLE_OBJC_ARC = YES;
				CLANG_ENABLE_OBJC_WEAK = YES;
				CLANG_WARN_BLOCK_CAPTURE_AUTORELEASING = YES;
				CLANG_WARN_BOOL_CONVERSION = YES;
				CLANG_WARN_COMMA = YES;
				CLANG_WARN_CONSTANT_CONVERSION = YES;
				CLANG_WARN_DEPRECATED_OBJC_IMPLEMENTATIONS = YES;
				CLANG_WARN_DIRECT_OBJC_ISA_USAGE = YES_ERROR;
				CLANG_WARN_DOCUMENTATION_COMMENTS = YES;
				CLANG_WARN_EMPTY_BODY = YES;
				CLANG_WARN_ENUM_CONVERSION = YES;
				CLANG_WARN_INFINITE_RECURSION = YES;
				CLANG_WARN_INT_CONVERSION = YES;
				CLANG_WARN_NON_LITERAL_NULL_CONVERSION = YES;
				CLANG_WARN_OBJC_IMPLICIT_RETAIN_SELF = YES;
				CLANG_WARN_OBJC_LITERAL_CONVERSION = YES;
				CLANG_WARN_OBJC_ROOT_CLASS = YES_ERROR;
				CLANG_WARN_QUOTED_INCLUDE_IN_FRAMEWORK_HEADER = YES;
				CLANG_WARN_RANGE_LOOP_ANALYSIS = YES;
				CLANG_WARN_STRICT_PROTOTYPES = YES;
				CLANG_WARN_SUSPICIOUS_MOVE = YES;
				CLANG_WARN_UNGUARDED_AVAILABILITY = YES_AGGRESSIVE;
				CLANG_WARN_UNREACHABLE_CODE = YES;
				CLANG_WARN__DUPLICATE_METHOD_MATCH = YES;
				COPY_PHASE_STRIP = NO;
				DEBUG_INFORMATION_FORMAT = "dwarf-with-dsym";
				ENABLE_NS_ASSERTIONS = NO;
				ENABLE_STRICT_OBJC_MSGSEND = YES;
				GCC_C_LANGUAGE_STANDARD = gnu17;
				GCC_NO_COMMON_BLOCKS = YES;
				GCC_WARN_64_TO_32_BIT_CONVERSION = YES;
				GCC_WARN_ABOUT_RETURN_TYPE = YES_ERROR;
				GCC_WARN_UNDECLARED_SELECTOR = YES;
				GCC_WARN_UNINITIALIZED_AUTOS = YES_AGGRESSIVE;
				GCC_WARN_UNUSED_FUNCTION = YES;
				GCC_WARN_UNUSED_VARIABLE = YES;
				IPHONEOS_DEPLOYMENT_TARGET = 17.0;
				MTL_ENABLE_DEBUG_INFO = NO;
				MTL_FAST_MATH = YES;
				SDKROOT = iphoneos;
				SWIFT_COMPILATION_MODE = wholemodule;
				SWIFT_OPTIMIZATION_LEVEL = "-O";
				VALIDATE_PRODUCT = YES;
			};
			name = Release;
		};
		A10000720000000000000001 /* Debug */ = {
			isa = XCBuildConfiguration;
			buildSettings = {
				ASSETCATALOG_COMPILER_APPICON_NAME = AppIcon;
				ASSETCATALOG_COMPILER_GLOBAL_ACCENT_COLOR_NAME = AccentColor;
				CODE_SIGN_STYLE = Automatic;
				CURRENT_PROJECT_VERSION = 1;
				DEVELOPMENT_ASSET_PATHS = "\"NativeDemoApp/Preview Content\"";
				DEVELOPMENT_TEAM = "";
				ENABLE_PREVIEWS = YES;
				GENERATE_INFOPLIST_FILE = NO;
				INFOPLIST_FILE = NativeDemoApp/Info.plist;
				INFOPLIST_KEY_UIApplicationSupportsIndirectInputEvents = YES;
				IPHONEOS_DEPLOYMENT_TARGET = 17.0;
				LD_RUNPATH_SEARCH_PATHS = (
					"$(inherited)",
					"@executable_path/Frameworks",
				);
				MARKETING_VERSION = 1.0;
				PRODUCT_BUNDLE_IDENTIFIER = com.example.NativeDemoApp;
				PRODUCT_NAME = "$(TARGET_NAME)";
				SDKROOT = iphoneos;
				SUPPORTED_PLATFORMS = "iphoneos iphonesimulator";
				SWIFT_EMIT_LOC_STRINGS = YES;
				SWIFT_VERSION = 5.0;
				TARGETED_DEVICE_FAMILY = "1,2";
			};
			name = Debug;
		};
		A10000730000000000000001 /* Release */ = {
			isa = XCBuildConfiguration;
			buildSettings = {
				ASSETCATALOG_COMPILER_APPICON_NAME = AppIcon;
				ASSETCATALOG_COMPILER_GLOBAL_ACCENT_COLOR_NAME = AccentColor;
				CODE_SIGN_STYLE = Automatic;
				CURRENT_PROJECT_VERSION = 1;
				DEVELOPMENT_ASSET_PATHS = "\"NativeDemoApp/Preview Content\"";
				DEVELOPMENT_TEAM = "";
				ENABLE_PREVIEWS = YES;
				GENERATE_INFOPLIST_FILE = NO;
				INFOPLIST_FILE = NativeDemoApp/Info.plist;
				INFOPLIST_KEY_UIApplicationSupportsIndirectInputEvents = YES;
				IPHONEOS_DEPLOYMENT_TARGET = 17.0;
				LD_RUNPATH_SEARCH_PATHS = (
					"$(inherited)",
					"@executable_path/Frameworks",
				);
				MARKETING_VERSION = 1.0;
				PRODUCT_BUNDLE_IDENTIFIER = com.example.NativeDemoApp;
				PRODUCT_NAME = "$(TARGET_NAME)";
				SDKROOT = iphoneos;
				SUPPORTED_PLATFORMS = "iphoneos iphonesimulator";
				SWIFT_EMIT_LOC_STRINGS = YES;
				SWIFT_VERSION = 5.0;
				TARGETED_DEVICE_FAMILY = "1,2";
			};
			name = Release;
		};
/* End XCBuildConfiguration section */

/* Begin XCConfigurationList section */
		A10000500000000000000001 /* Build configuration list for PBXProject "NativeDemoApp" */ = {
			isa = XCConfigurationList;
			buildConfigurations = (
				A10000700000000000000001 /* Debug */,
				A10000710000000000000001 /* Release */,
			);
			defaultConfigurationIsVisible = 0;
			defaultConfigurationName = Release;
		};
		A10000510000000000000001 /* Build configuration list for PBXNativeTarget "NativeDemoApp" */ = {
			isa = XCConfigurationList;
			buildConfigurations = (
				A10000720000000000000001 /* Debug */,
				A10000730000000000000001 /* Release */,
			);
			defaultConfigurationIsVisible = 0;
			defaultConfigurationName = Release;
		};
/* End XCConfigurationList section */
	};
	rootObject = A10000600000000000000001 /* Project object */;
}
